{
  "requires": true,
  "lockfileVersion": 1,
  "dependencies": {
    "jsmediatags": {
      "version": "3.9.2",
      "resolved": "https://registry.npmjs.org/jsmediatags/-/jsmediatags-3.9.2.tgz",
      "integrity": "sha512-kbdYK/Jka44aBfIs4+pvu5hJfVqmzcRLs3oT25q94QsT8D6fX31RSZ5nQ+FP/zvmPfllKYZpzw/uoWOE5DmN6Q==",
      "requires": {
        "xhr2": "^0.1.4"
      }
    },
    "xhr2": {
      "version": "0.1.4",
      "resolved": "https://registry.npmjs.org/xhr2/-/xhr2-0.1.4.tgz",
      "integrity": "sha1-f4dliEdxbbUCYyOBL4GMras4el8="
    }
  }
}
